// !$*UTF8*$!
{
	archiveVersion = 1;
	classes = {
	};
	objectVersion = 46;
	objects = {

/* Begin PBXBuildFile section */
		91DC0DA415A39FE40085E60B /* UIKit.framework in Frameworks */ = {isa = PBXBuildFile; fileRef = 91DC0DA315A39FE40085E60B /* UIKit.framework */; };
		91DC0DA615A39FE40085E60B /* Foundation.framework in Frameworks */ = {isa = PBXBuildFile; fileRef = 91DC0DA515A39FE40085E60B /* Foundation.framework */; };
		91DC0DA815A39FE40085E60B /* CoreGraphics.framework in Frameworks */ = {isa = PBXBuildFile; fileRef = 91DC0DA715A39FE40085E60B /* CoreGraphics.framework */; };
		91DC0DAE15A39FE40085E60B /* InfoPlist.strings in Resources */ = {isa = PBXBuildFile; fileRef = 91DC0DAC15A39FE40085E60B /* InfoPlist.strings */; };
		91DC0DB015A39FE40085E60B /* main.m in Sources */ = {isa = PBXBuildFile; fileRef = 91DC0DAF15A39FE40085E60B /* main.m */; };
		91DC0DB415A39FE40085E60B /* AppDelegate.m in Sources */ = {isa = PBXBuildFile; fileRef = 91DC0DB315A39FE40085E60B /* AppDelegate.m */; };
		91DC0DB715A39FE50085E60B /* MainStoryboard.storyboard in Resources */ = {isa = PBXBuildFile; fileRef = 91DC0DB515A39FE50085E60B /* MainStoryboard.storyboard */; };
		91DC0DBA15A39FE50085E60B /* FirstViewController.m in Sources */ = {isa = PBXBuildFile; fileRef = 91DC0DB915A39FE50085E60B /* FirstViewController.m */; };
		91DC0DBC15A39FE50085E60B /* first.png in Resources */ = {isa = PBXBuildFile; fileRef = 91DC0DBB15A39FE50085E60B /* first.png */; };
		91DC0DBE15A39FE50085E60B /* first@2x.png in Resources */ = {isa = PBXBuildFile; fileRef = 91DC0DBD15A39FE50085E60B /* first@2x.png */; };
		91DC0DC115A39FE50085E60B /* SecondViewController.m in Sources */ = {isa = PBXBuildFile; fileRef = 91DC0DC015A39FE50085E60B /* SecondViewController.m */; };
		91DC0DC315A39FE50085E60B /* second.png in Resources */ = {isa = PBXBuildFile; fileRef = 91DC0DC215A39FE50085E60B /* second.png */; };
		91DC0DC515A39FE50085E60B /* second@2x.png in Resources */ = {isa = PBXBuildFile; fileRef = 91DC0DC415A39FE50085E60B /* second@2x.png */; };
		91DC0DCD15A39FE50085E60B /* SenTestingKit.framework in Frameworks */ = {isa = PBXBuildFile; fileRef = 91DC0DCC15A39FE50085E60B /* SenTestingKit.framework */; };
		91DC0DCE15A39FE50085E60B /* UIKit.framework in Frameworks */ = {isa = PBXBuildFile; fileRef = 91DC0DA315A39FE40085E60B /* UIKit.framework */; };
		91DC0DCF15A39FE50085E60B /* Foundation.framework in Frameworks */ = {isa = PBXBuildFile; fileRef = 91DC0DA515A39FE40085E60B /* Foundation.framework */; };
		91DC0DD715A39FE50085E60B /* InfoPlist.strings in Resources */ = {isa = PBXBuildFile; fileRef = 91DC0DD515A39FE50085E60B /* InfoPlist.strings */; };
		91DC0DDA15A39FE50085E60B /* aLTests.m in Sources */ = {isa = PBXBuildFile; fileRef = 91DC0DD915A39FE50085E60B /* aLTests.m */; };
/* End PBXBuildFile section */

/* Begin PBXContainerItemProxy section */
		91DC0DD015A39FE50085E60B /* PBXContainerItemProxy */ = {
			isa = PBXContainerItemProxy;
			containerPortal = 91DC0D9615A39FE30085E60B /* Project object */;
			proxyType = 1;
			remoteGlobalIDString = 91DC0D9E15A39FE40085E60B;
			remoteInfo = aL;
		};
/* End PBXContainerItemProxy section */

/* Begin PBXFileReference section */
		91DC0D9F15A39FE40085E60B /* aL.app */ = {isa = PBXFileReference; explicitFileType = wrapper.application; includeInIndex = 0; path = aL.app; sourceTree = BUILT_PRODUCTS_DIR; };
		91DC0DA315A39FE40085E60B /* UIKit.framework */ = {isa = PBXFileReference; lastKnownFileType = wrapper.framework; name = UIKit.framework; path = System/Library/Frameworks/UIKit.framework; sourceTree = SDKROOT; };
		91DC0DA515A39FE40085E60B /* Foundation.framework */ = {isa = PBXFileReference; lastKnownFileType = wrapper.framework; name = Foundation.framework; path = System/Library/Frameworks/Foundation.framework; sourceTree = SDKROOT; };
		91DC0DA715A39FE40085E60B /* CoreGraphics.framework */ = {isa = PBXFileReference; lastKnownFileType = wrapper.framework; name = CoreGraphics.framework; path = System/Library/Frameworks/CoreGraphics.framework; sourceTree = SDKROOT; };
		91DC0DAB15A39FE40085E60B /* aL-Info.plist */ = {isa = PBXFileReference; path = "aL-Info.plist"; sourceTree = "<group>"; };
		91DC0DAD15A39FE40085E60B /* en */ = {isa = PBXFileReference; lastKnownFileType = text.plist.strings; name = en; path = en.lproj/InfoPlist.strings; sourceTree = "<group>"; };
		91DC0DAF15A39FE40085E60B /* main.m */ = {isa = PBXFileReference; lastKnownFileType = sourcecode.c.objc; path = main.m; sourceTree = "<group>"; };
		91DC0DB115A39FE40085E60B /* aL-Prefix.pch */ = {isa = PBXFileReference; path = "aL-Prefix.pch"; sourceTree = "<group>"; };
		91DC0DB215A39FE40085E60B /* AppDelegate.h */ = {isa = PBXFileReference; path = AppDelegate.h; sourceTree = "<group>"; };
		91DC0DB315A39FE40085E60B /* AppDelegate.m */ = {isa = PBXFileReference; lastKnownFileType = sourcecode.c.objc; path = AppDelegate.m; sourceTree = "<group>"; };
		91DC0DB615A39FE50085E60B /* en */ = {isa = PBXFileReference; lastKnownFileType = file.storyboard; name = en; path = en.lproj/MainStoryboard.storyboard; sourceTree = "<group>"; };
		91DC0DB815A39FE50085E60B /* FirstViewController.h */ = {isa = PBXFileReference; path = FirstViewController.h; sourceTree = "<group>"; };
		91DC0DB915A39FE50085E60B /* FirstViewController.m */ = {isa = PBXFileReference; lastKnownFileType = sourcecode.c.objc; path = FirstViewController.m; sourceTree = "<group>"; };
		91DC0DBB15A39FE50085E60B /* first.png */ = {isa = PBXFileReference; lastKnownFileType = image.png; path = first.png; sourceTree = "<group>"; };
		91DC0DBD15A39FE50085E60B /* first@2x.png */ = {isa = PBXFileReference; lastKnownFileType = image.png; path = "first@2x.png"; sourceTree = "<group>"; };
		91DC0DBF15A39FE50085E60B /* SecondViewController.h */ = {isa = PBXFileReference; path = SecondViewController.h; sourceTree = "<group>"; };
		91DC0DC015A39FE50085E60B /* SecondViewController.m */ = {isa = PBXFileReference; lastKnownFileType = sourcecode.c.objc; path = SecondViewController.m; sourceTree = "<group>"; };
		91DC0DC215A39FE50085E60B /* second.png */ = {isa = PBXFileReference; lastKnownFileType = image.png; path = second.png; sourceTree = "<group>"; };
		91DC0DC415A39FE50085E60B /* second@2x.png */ = {isa = PBXFileReference; lastKnownFileType = image.png; path = "second@2x.png"; sourceTree = "<group>"; };
		91DC0DCB15A39FE50085E60B /* aLTests.octest */ = {isa = PBXFileReference; explicitFileType = wrapper.cfbundle; includeInIndex = 0; path = aLTests.octest; sourceTree = BUILT_PRODUCTS_DIR; };
		91DC0DCC15A39FE50085E60B /* SenTestingKit.framework */ = {isa = PBXFileReference; lastKnownFileType = wrapper.framework; name = SenTestingKit.framework; path = Library/Frameworks/SenTestingKit.framework; sourceTree = DEVELOPER_DIR; };
		91DC0DD415A39FE50085E60B /* aLTests-Info.plist */ = {isa = PBXFileReference; path = "aLTests-Info.plist"; sourceTree = "<group>"; };
		91DC0DD615A39FE50085E60B /* en */ = {isa = PBXFileReference; lastKnownFileType = text.plist.strings; name = en; path = en.lproj/InfoPlist.strings; sourceTree = "<group>"; };
		91DC0DD815A39FE50085E60B /* aLTests.h */ = {isa = PBXFileReference; path = aLTests.h; sourceTree = "<group>"; };
		91DC0DD915A39FE50085E60B /* aLTests.m */ = {isa = PBXFileReference; lastKnownFileType = sourcecode.c.objc; path = aLTests.m; sourceTree = "<group>"; };
/* End PBXFileReference section */

/* Begin PBXFrameworksBuildPhase section */
		91DC0D9C15A39FE40085E60B /* Frameworks */ = {
			isa = PBXFrameworksBuildPhase;
			buildActionMask = 2147483647;
			files = (
				91DC0DA415A39FE40085E60B /* UIKit.framework in Frameworks */,
				91DC0DA615A39FE40085E60B /* Foundation.framework in Frameworks */,
				91DC0DA815A39FE40085E60B /* CoreGraphics.framework in Frameworks */,
			);
			runOnlyForDeploymentPostprocessing = 0;
		};
		91DC0DC715A39FE50085E60B /* Frameworks */ = {
			isa = PBXFrameworksBuildPhase;
			buildActionMask = 2147483647;
			files = (
				91DC0DCD15A39FE50085E60B /* SenTestingKit.framework in Frameworks */,
				91DC0DCE15A39FE50085E60B /* UIKit.framework in Frameworks */,
				91DC0DCF15A39FE50085E60B /* Foundation.framework in Frameworks */,
			);
			runOnlyForDeploymentPostprocessing = 0;
		};
/* End PBXFrameworksBuildPhase section */

/* Begin PBXGroup section */
		91DC0D9415A39FE30085E60B = {
			isa = PBXGroup;
			children = (
				91DC0DA915A39FE40085E60B /* aL */,
				91DC0DD215A39FE50085E60B /* aLTests */,
				91DC0DA215A39FE40085E60B /* Frameworks */,
				91DC0DA015A39FE40085E60B /* Products */,
			);
			sourceTree = "<group>";
		};
		91DC0DA015A39FE40085E60B /* Products */ = {
			isa = PBXGroup;
			children = (
				91DC0D9F15A39FE40085E60B /* aL.app */,
				91DC0DCB15A39FE50085E60B /* aLTests.octest */,
			);
			name = Products;
			sourceTree = "<group>";
		};
		91DC0DA215A39FE40085E60B /* Frameworks */ = {
			isa = PBXGroup;
			children = (
				91DC0DA315A39FE40085E60B /* UIKit.framework */,
				91DC0DA515A39FE40085E60B /* Foundation.framework */,
				91DC0DA715A39FE40085E60B /* CoreGraphics.framework */,
				91DC0DCC15A39FE50085E60B /* SenTestingKit.framework */,
			);
			name = Frameworks;
			sourceTree = "<group>";
		};
		91DC0DA915A39FE40085E60B /* aL */ = {
			isa = PBXGroup;
			children = (
				91DC0DB215A39FE40085E60B /* AppDelegate.h */,
				91DC0DB315A39FE40085E60B /* AppDelegate.m */,
				91DC0DB515A39FE50085E60B /* MainStoryboard.storyboard */,
				91DC0DB815A39FE50085E60B /* FirstViewController.h */,
				91DC0DB915A39FE50085E60B /* FirstViewController.m */,
				91DC0DBB15A39FE50085E60B /* first.png */,
				91DC0DBD15A39FE50085E60B /* first@2x.png */,
				91DC0DBF15A39FE50085E60B /* SecondViewController.h */,
				91DC0DC015A39FE50085E60B /* SecondViewController.m */,
				91DC0DC215A39FE50085E60B /* second.png */,
				91DC0DC415A39FE50085E60B /* second@2x.png */,
				91DC0DAA15A39FE40085E60B /* Supporting Files */,
			);
			path = aL;
			sourceTree = "<group>";
		};
		91DC0DAA15A39FE40085E60B /* Supporting Files */ = {
			isa = PBXGroup;
			children = (
				91DC0DAB15A39FE40085E60B /* aL-Info.plist */,
				91DC0DAC15A39FE40085E60B /* InfoPlist.strings */,
				91DC0DAF15A39FE40085E60B /* main.m */,
				91DC0DB115A39FE40085E60B /* aL-Prefix.pch */,
			);
			name = "Supporting Files";
			sourceTree = "<group>";
		};
		91DC0DD215A39FE50085E60B /* aLTests */ = {
			isa = PBXGroup;
			children = (
				91DC0DD815A39FE50085E60B /* aLTests.h */,
				91DC0DD915A39FE50085E60B /* aLTests.m */,
				91DC0DD315A39FE50085E60B /* Supporting Files */,
			);
			path = aLTests;
			sourceTree = "<group>";
		};
		91DC0DD315A39FE50085E60B /* Supporting Files */ = {
			isa = PBXGroup;
			children = (
				91DC0DD415A39FE50085E60B /* aLTests-Info.plist */,
				91DC0DD515A39FE50085E60B /* InfoPlist.strings */,
			);
			name = "Supporting Files";
			sourceTree = "<group>";
		};
/* End PBXGroup section */

/* Begin PBXNativeTarget section */
		91DC0D9E15A39FE40085E60B /* aL */ = {
			isa = PBXNativeTarget;
			buildConfigurationList = 91DC0DDD15A39FE50085E60B /* Build configuration list for PBXNativeTarget "aL" */;
			buildPhases = (
				91DC0D9B15A39FE40085E60B /* Sources */,
				91DC0D9C15A39FE40085E60B /* Frameworks */,
				91DC0D9D15A39FE40085E60B /* Resources */,
			);
			buildRules = (
			);
			dependencies = (
			);
			name = aL;
			productName = aL;
			productReference = 91DC0D9F15A39FE40085E60B /* aL.app */;
			productType = "com.apple.product-type.application";
		};
		91DC0DCA15A39FE50085E60B /* aLTests */ = {
			isa = PBXNativeTarget;
			buildConfigurationList = 91DC0DE015A39FE50085E60B /* Build configuration list for PBXNativeTarget "aLTests" */;
			buildPhases = (
				91DC0DC615A39FE50085E60B /* Sources */,
				91DC0DC715A39FE50085E60B /* Frameworks */,
				91DC0DC815A39FE50085E60B /* Resources */,
				91DC0DC915A39FE50085E60B /* ShellScript */,
			);
			buildRules = (
			);
			dependencies = (
				91DC0DD115A39FE50085E60B /* PBXTargetDependency */,
			);
			name = aLTests;
			productName = aLTests;
			productReference = 91DC0DCB15A39FE50085E60B /* aLTests.octest */;
			productType = "com.apple.product-type.bundle";
		};
/* End PBXNativeTarget section */

/* Begin PBXProject section */
		91DC0D9615A39FE30085E60B /* Project object */ = {
			isa = PBXProject;
			attributes = {
				LastUpgradeCheck = 0430;
			};
			buildConfigurationList = 91DC0D9915A39FE30085E60B /* Build configuration list for PBXProject "aL" */;
			compatibilityVersion = "Xcode 3.2";
			developmentRegion = English;
			hasScannedForEncodings = 0;
			knownRegions = (
				en,
			);
			mainGroup = 91DC0D9415A39FE30085E60B;
			productRefGroup = 91DC0DA015A39FE40085E60B /* Products */;
			projectDirPath = "";
			projectRoot = "";
			targets = (
				91DC0D9E15A39FE40085E60B /* aL */,
				91DC0DCA15A39FE50085E60B /* aLTests */,
			);
		};
/* End PBXProject section */

/* Begin PBXResourcesBuildPhase section */
		91DC0D9D15A39FE40085E60B /* Resources */ = {
			isa = PBXResourcesBuildPhase;
			buildActionMask = 2147483647;
			files = (
				91DC0DAE15A39FE40085E60B /* InfoPlist.strings in Resources */,
				91DC0DB715A39FE50085E60B /* MainStoryboard.storyboard in Resources */,
				91DC0DBC15A39FE50085E60B /* first.png in Resources */,
				91DC0DBE15A39FE50085E60B /* first@2x.png in Resources */,
				91DC0DC315A39FE50085E60B /* second.png in Resources */,
				91DC0DC515A39FE50085E60B /* second@2x.png in Resources */,
			);
			runOnlyForDeploymentPostprocessing = 0;
		};
		91DC0DC815A39FE50085E60B /* Resources */ = {
			isa = PBXResourcesBuildPhase;
			buildActionMask = 2147483647;
			files = (
				91DC0DD715A39FE50085E60B /* InfoPlist.strings in Resources */,
			);
			runOnlyForDeploymentPostprocessing = 0;
		};
/* End PBXResourcesBuildPhase section */

/* Begin PBXShellScriptBuildPhase section */
		91DC0DC915A39FE50085E60B /* ShellScript */ = {
			isa = PBXShellScriptBuildPhase;
			buildActionMask = 2147483647;
			files = (
			);
			inputPaths = (
			);
			outputPaths = (
			);
			runOnlyForDeploymentPostprocessing = 0;
			shellPath = /bin/sh;
			shellScript = "# Run the unit tests in this test bundle.\n\"${SYSTEM_DEVELOPER_DIR}/Tools/RunUnitTests\"\n";
		};
/* End PBXShellScriptBuildPhase section */

/* Begin PBXSourcesBuildPhase section */
		91DC0D9B15A39FE40085E60B /* Sources */ = {
			isa = PBXSourcesBuildPhase;
			buildActionMask = 2147483647;
			files = (
				91DC0DB015A39FE40085E60B /* main.m in Sources */,
				91DC0DB415A39FE40085E60B /* AppDelegate.m in Sources */,
				91DC0DBA15A39FE50085E60B /* FirstViewController.m in Sources */,
				91DC0DC115A39FE50085E60B /* SecondViewController.m in Sources */,
			);
			runOnlyForDeploymentPostprocessing = 0;
		};
		91DC0DC615A39FE50085E60B /* Sources */ = {
			isa = PBXSourcesBuildPhase;
			buildActionMask = 2147483647;
			files = (
				91DC0DDA15A39FE50085E60B /* aLTests.m in Sources */,
			);
			runOnlyForDeploymentPostprocessing = 0;
		};
/* End PBXSourcesBuildPhase section */

/* Begin PBXTargetDependency section */
		91DC0DD115A39FE50085E60B /* PBXTargetDependency */ = {
			isa = PBXTargetDependency;
			target = 91DC0D9E15A39FE40085E60B /* aL */;
			targetProxy = 91DC0DD015A39FE50085E60B /* PBXContainerItemProxy */;
		};
/* End PBXTargetDependency section */

/* Begin PBXVariantGroup section */
		91DC0DAC15A39FE40085E60B /* InfoPlist.strings */ = {
			isa = PBXVariantGroup;
			children = (
				91DC0DAD15A39FE40085E60B /* en */,
			);
			name = InfoPlist.strings;
			sourceTree = "<group>";
		};
		91DC0DB515A39FE50085E60B /* MainStoryboard.storyboard */ = {
			isa = PBXVariantGroup;
			children = (
				91DC0DB615A39FE50085E60B /* en */,
			);
			name = MainStoryboard.storyboard;
			sourceTree = "<group>";
		};
		91DC0DD515A39FE50085E60B /* InfoPlist.strings */ = {
			isa = PBXVariantGroup;
			children = (
				91DC0DD615A39FE50085E60B /* en */,
			);
			name = InfoPlist.strings;
			sourceTree = "<group>";
		};
/* End PBXVariantGroup section */

/* Begin XCBuildConfiguration section */
		91DC0DDB15A39FE50085E60B /* Debug */ = {
			isa = XCBuildConfiguration;
			buildSettings = {
				ALWAYS_SEARCH_USER_PATHS = NO;
				ARCHS = "$(ARCHS_STANDARD_32_BIT)";
				CLANG_ENABLE_OBJC_ARC = YES;
				"CODE_SIGN_IDENTITY[sdk=iphoneos*]" = "iPhone Developer";
				COPY_PHASE_STRIP = NO;
				GCC_C_LANGUAGE_STANDARD = gnu99;
				GCC_DYNAMIC_NO_PIC = NO;
				GCC_OPTIMIZATION_LEVEL = 0;
				GCC_PREPROCESSOR_DEFINITIONS = (
					"DEBUG=1",
					"$(inherited)",
				);
				GCC_SYMBOLS_PRIVATE_EXTERN = NO;
				GCC_VERSION = com.apple.compilers.llvm.clang.1_0;
				GCC_WARN_ABOUT_RETURN_TYPE = YES;
				GCC_WARN_UNINITIALIZED_AUTOS = YES;
				GCC_WARN_UNUSED_VARIABLE = YES;
				IPHONEOS_DEPLOYMENT_TARGET = 5.1;
				SDKROOT = iphoneos;
			};
			name = Debug;
		};
		91DC0DDC15A39FE50085E60B /* Release */ = {
			isa = XCBuildConfiguration;
			buildSettings = {
				ALWAYS_SEARCH_USER_PATHS = NO;
				ARCHS = "$(ARCHS_STANDARD_32_BIT)";
				CLANG_ENABLE_OBJC_ARC = YES;
				"CODE_SIGN_IDENTITY[sdk=iphoneos*]" = "iPhone Developer";
				COPY_PHASE_STRIP = YES;
				GCC_C_LANGUAGE_STANDARD = gnu99;
				GCC_VERSION = com.apple.compilers.llvm.clang.1_0;
				GCC_WARN_ABOUT_RETURN_TYPE = YES;
				GCC_WARN_UNINITIALIZED_AUTOS = YES;
				GCC_WARN_UNUSED_VARIABLE = YES;
				IPHONEOS_DEPLOYMENT_TARGET = 5.1;
				OTHER_CFLAGS = "-DNS_BLOCK_ASSERTIONS=1";
				SDKROOT = iphoneos;
				VALIDATE_PRODUCT = YES;
			};
			name = Release;
		};
		91DC0DDE15A39FE50085E60B /* Debug */ = {
			isa = XCBuildConfiguration;
			buildSettings = {
				GCC_PRECOMPILE_PREFIX_HEADER = YES;
				GCC_PREFIX_HEADER = "aL/aL-Prefix.pch";
				INFOPLIST_FILE = "aL/aL-Info.plist";
				PRODUCT_NAME = "$(TARGET_NAME)";
				WRAPPER_EXTENSION = app;
			};
			name = Debug;
		};
		91DC0DDF15A39FE50085E60B /* Release */ = {
			isa = XCBuildConfiguration;
			buildSettings = {
				GCC_PRECOMPILE_PREFIX_HEADER = YES;
				GCC_PREFIX_HEADER = "aL/aL-Prefix.pch";
				INFOPLIST_FILE = "aL/aL-Info.plist";
				PRODUCT_NAME = "$(TARGET_NAME)";
				WRAPPER_EXTENSION = app;
			};
			name = Release;
		};
		91DC0DE115A39FE50085E60B /* Debug */ = {
			isa = XCBuildConfiguration;
			buildSettings = {
				BUNDLE_LOADER = "$(BUILT_PRODUCTS_DIR)/aL.app/aL";
				FRAMEWORK_SEARCH_PATHS = (
					"$(SDKROOT)/Developer/Library/Frameworks",
					"$(DEVELOPER_LIBRARY_DIR)/Frameworks",
				);
				GCC_PRECOMPILE_PREFIX_HEADER = YES;
				GCC_PREFIX_HEADER = "aL/aL-Prefix.pch";
				INFOPLIST_FILE = "aLTests/aLTests-Info.plist";
				PRODUCT_NAME = "$(TARGET_NAME)";
				TEST_HOST = "$(BUNDLE_LOADER)";
				WRAPPER_EXTENSION = octest;
			};
			name = Debug;
		};
		91DC0DE215A39FE50085E60B /* Release */ = {
			isa = XCBuildConfiguration;
			buildSettings = {
				BUNDLE_LOADER = "$(BUILT_PRODUCTS_DIR)/aL.app/aL";
				FRAMEWORK_SEARCH_PATHS = (
					"$(SDKROOT)/Developer/Library/Frameworks",
					"$(DEVELOPER_LIBRARY_DIR)/Frameworks",
				);
				GCC_PRECOMPILE_PREFIX_HEADER = YES;
				GCC_PREFIX_HEADER = "aL/aL-Prefix.pch";
				INFOPLIST_FILE = "aLTests/aLTests-Info.plist";
				PRODUCT_NAME = "$(TARGET_NAME)";
				TEST_HOST = "$(BUNDLE_LOADER)";
				WRAPPER_EXTENSION = octest;
			};
			name = Release;
		};
/* End XCBuildConfiguration section */

/* Begin XCConfigurationList section */
		91DC0D9915A39FE30085E60B /* Build configuration list for PBXProject "aL" */ = {
			isa = XCConfigurationList;
			buildConfigurations = (
				91DC0DDB15A39FE50085E60B /* Debug */,
				91DC0DDC15A39FE50085E60B /* Release */,
			);
			defaultConfigurationIsVisible = 0;
			defaultConfigurationName = Release;
		};
		91DC0DDD15A39FE50085E60B /* Build configuration list for PBXNativeTarget "aL" */ = {
			isa = XCConfigurationList;
			buildConfigurations = (
				91DC0DDE15A39FE50085E60B /* Debug */,
				91DC0DDF15A39FE50085E60B /* Release */,
			);
			defaultConfigurationIsVisible = 0;
		};
		91DC0DE015A39FE50085E60B /* Build configuration list for PBXNativeTarget "aLTests" */ = {
			isa = XCConfigurationList;
			buildConfigurations = (
				91DC0DE115A39FE50085E60B /* Debug */,
				91DC0DE215A39FE50085E60B /* Release */,
			);
			defaultConfigurationIsVisible = 0;
		};
/* End XCConfigurationList section */
	};
	rootObject = 91DC0D9615A39FE30085E60B /* Project object */;
}
